
Microsoft Visual Studio Solution File, Format Version 12.00
# Visual Studio 15
VisualStudioVersion = 15.0.28307.645
MinimumVisualStudioVersion = 10.0.40219.1
Project("{8BC9CEB8-8B4A-11D0-8D11-00A0C91BC942}") = "yzu1072010", "yzu1072010\yzu1072010.vcxproj", "{3D12FF4B-8464-4F12-8AA0-F44D8B69373A}"
EndProject
Global
	GlobalSection(SolutionConfigurationPlatforms) = preSolution
		Debug|x64 = Debug|x64
		Debug|x86 = Debug|x86
		Release|x64 = Release|x64
		Release|x86 = Release|x86
	EndGlobalSection
	GlobalSection(ProjectConfigurationPlatforms) = postSolution
		{3D12FF4B-8464-4F12-8AA0-F44D8B69373A}.Debug|x64.ActiveCfg = Debug|x64
		{3D12FF4B-8464-4F12-8AA0-F44D8B69373A}.Debug|x64.Build.0 = Debug|x64
		{3D12FF4B-8464-4F12-8AA0-F44D8B69373A}.Debug|x86.ActiveCfg = Debug|Win32
		{3D12FF4B-8464-4F12-8AA0-F44D8B69373A}.Debug|x86.Build.0 = Debug|Win32
		{3D12FF4B-8464-4F12-8AA0-F44D8B69373A}.Release|x64.ActiveCfg = Release|x64
		{3D12FF4B-8464-4F12-8AA0-F44D8B69373A}.Release|x64.Build.0 = Release|x64
		{3D12FF4B-8464-4F12-8AA0-F44D8B69373A}.Release|x86.ActiveCfg = Release|Win32
		{3D12FF4B-8464-4F12-8AA0-F44D8B69373A}.Release|x86.Build.0 = Release|Win32
	EndGlobalSection
	GlobalSection(SolutionProperties) = preSolution
		HideSolutionNode = FALSE
	EndGlobalSection
	GlobalSection(ExtensibilityGlobals) = postSolution
		SolutionGuid = {CB20F85A-9AE9-4D51-A064-65219C53D0E4}
	EndGlobalSection
EndGlobal
